
Microsoft Visual Studio Solution File, Format Version 12.00
# Visual Studio 2013
VisualStudioVersion = 12.0.40629.0
MinimumVisualStudioVersion = 10.0.40219.1
Project("{FAE04EC0-301F-11D3-BF4B-00C04F79EFBC}") = "EventsUsingDelegate", "EventsUsingDelegate\EventsUsingDelegate.csproj", "{BBF8FB7F-41DD-4469-9CFA-AFBE353F0008}"
EndProject
Project("{FAE04EC0-301F-11D3-BF4B-00C04F79EFBC}") = "EventUsingEvent", "EventsUsingEvent\EventUsingEvent.csproj", "{D0BD4537-72BF-43BA-A0C6-6C873270C050}"
EndProject
Project("{FAE04EC0-301F-11D3-BF4B-00C04F79EFBC}") = "EventWithReturnValue", "EventWithReturnValue\EventWithReturnValue.csproj", "{AB0300D6-F55D-4B5E-80C0-B9858A463D59}"
EndProject
Global
	GlobalSection(TeamFoundationVersionControl) = preSolution
		SccNumberOfProjects = 4
		SccEnterpriseProvider = {4CA58AB2-18FA-4F8D-95D4-32DDF27D184C}
		SccTeamFoundationServer = http://wtfs-15:8080/tfs/tiger
		SccLocalPath0 = .
		SccProjectUniqueName1 = EventsUsingDelegate\\EventsUsingDelegate.csproj
		SccProjectName1 = EventsUsingDelegate
		SccLocalPath1 = EventsUsingDelegate
		SccProjectUniqueName2 = EventsUsingEvent\\EventUsingEvent.csproj
		SccProjectName2 = EventsUsingEvent
		SccLocalPath2 = EventsUsingEvent
		SccProjectUniqueName3 = EventWithReturnValue\\EventWithReturnValue.csproj
		SccProjectName3 = EventWithReturnValue
		SccLocalPath3 = EventWithReturnValue
	EndGlobalSection
	GlobalSection(SolutionConfigurationPlatforms) = preSolution
		Debug|Any CPU = Debug|Any CPU
		Release|Any CPU = Release|Any CPU
	EndGlobalSection
	GlobalSection(ProjectConfigurationPlatforms) = postSolution
		{BBF8FB7F-41DD-4469-9CFA-AFBE353F0008}.Debug|Any CPU.ActiveCfg = Debug|Any CPU
		{BBF8FB7F-41DD-4469-9CFA-AFBE353F0008}.Debug|Any CPU.Build.0 = Debug|Any CPU
		{BBF8FB7F-41DD-4469-9CFA-AFBE353F0008}.Release|Any CPU.ActiveCfg = Release|Any CPU
		{BBF8FB7F-41DD-4469-9CFA-AFBE353F0008}.Release|Any CPU.Build.0 = Release|Any CPU
		{D0BD4537-72BF-43BA-A0C6-6C873270C050}.Debug|Any CPU.ActiveCfg = Debug|Any CPU
		{D0BD4537-72BF-43BA-A0C6-6C873270C050}.Debug|Any CPU.Build.0 = Debug|Any CPU
		{D0BD4537-72BF-43BA-A0C6-6C873270C050}.Release|Any CPU.ActiveCfg = Release|Any CPU
		{D0BD4537-72BF-43BA-A0C6-6C873270C050}.Release|Any CPU.Build.0 = Release|Any CPU
		{AB0300D6-F55D-4B5E-80C0-B9858A463D59}.Debug|Any CPU.ActiveCfg = Debug|Any CPU
		{AB0300D6-F55D-4B5E-80C0-B9858A463D59}.Debug|Any CPU.Build.0 = Debug|Any CPU
		{AB0300D6-F55D-4B5E-80C0-B9858A463D59}.Release|Any CPU.ActiveCfg = Release|Any CPU
		{AB0300D6-F55D-4B5E-80C0-B9858A463D59}.Release|Any CPU.Build.0 = Release|Any CPU
	EndGlobalSection
	GlobalSection(SolutionProperties) = preSolution
		HideSolutionNode = FALSE
	EndGlobalSection
EndGlobal
